{
    "name": "src",
    "lockfileVersion": 2,
    "requires": true,
    "packages": {
        "": {
            "name": "src",
            "devDependencies": {
                "@types/lodash": "^4.14.181"
            }
        },
        "node_modules/@types/lodash": {
            "version": "4.14.181",
            "resolved": "https://registry.npmjs.org/@types/lodash/-/lodash-4.14.181.tgz",
            "integrity": "sha512-n3tyKthHJbkiWhDZs3DkhkCzt2MexYHXlX0td5iMplyfwketaOeKboEVBqzceH7juqvEg3q5oUoBFxSLu7zFag==",
            "dev": true
        }
    },
    "dependencies": {
        "@types/lodash": {
            "version": "4.14.181",
            "resolved": "https://registry.npmjs.org/@types/lodash/-/lodash-4.14.181.tgz",
            "integrity": "sha512-n3tyKthHJbkiWhDZs3DkhkCzt2MexYHXlX0td5iMplyfwketaOeKboEVBqzceH7juqvEg3q5oUoBFxSLu7zFag==",
            "dev": true
        }
    }
}
